// !$*UTF8*$!
{
	archiveVersion = 1;
	classes = {
	};
	objectVersion = 46;
	objects = {

/* Begin PBXBuildFile section */
		0B985F5386D081F5B78DD1F5 /* Pods_DateOfEasterTests.framework in Frameworks */ = {isa = PBXBuildFile; fileRef = 13C931AE1C3ED93933A249C7 /* Pods_DateOfEasterTests.framework */; };
		CA4D56B3F15C447B7B5A89DA /* Pods_DateOfEaster.framework in Frameworks */ = {isa = PBXBuildFile; fileRef = 14F2375BE15EBBAB274AD259 /* Pods_DateOfEaster.framework */; };
		F50235951ECCDE0900606791 /* DateOfEaster.framework in Frameworks */ = {isa = PBXBuildFile; fileRef = F502358B1ECCDE0900606791 /* DateOfEaster.framework */; };
		F502359A1ECCDE0900606791 /* DateOfEasterTests.swift in Sources */ = {isa = PBXBuildFile; fileRef = F50235991ECCDE0900606791 /* DateOfEasterTests.swift */; };
		F502359C1ECCDE0900606791 /* DateOfEaster.h in Headers */ = {isa = PBXBuildFile; fileRef = F502358E1ECCDE0900606791 /* DateOfEaster.h */; settings = {ATTRIBUTES = (Public, ); }; };
		F50235A51ECCDE4100606791 /* Date+DateOfEaster.swift in Sources */ = {isa = PBXBuildFile; fileRef = F50235A41ECCDE4100606791 /* Date+DateOfEaster.swift */; };
		F50235A61ECCDE4100606791 /* Date+DateOfEaster.swift in Sources */ = {isa = PBXBuildFile; fileRef = F50235A41ECCDE4100606791 /* Date+DateOfEaster.swift */; };
/* End PBXBuildFile section */

/* Begin PBXContainerItemProxy section */
		F50235961ECCDE0900606791 /* PBXContainerItemProxy */ = {
			isa = PBXContainerItemProxy;
			containerPortal = F50235801ECCDDF800606791 /* Project object */;
			proxyType = 1;
			remoteGlobalIDString = F502358A1ECCDE0900606791;
			remoteInfo = DateOfEaster;
		};
/* End PBXContainerItemProxy section */

/* Begin PBXFileReference section */
		13C931AE1C3ED93933A249C7 /* Pods_DateOfEasterTests.framework */ = {isa = PBXFileReference; explicitFileType = wrapper.framework; includeInIndex = 0; path = Pods_DateOfEasterTests.framework; sourceTree = BUILT_PRODUCTS_DIR; };
		14F2375BE15EBBAB274AD259 /* Pods_DateOfEaster.framework */ = {isa = PBXFileReference; explicitFileType = wrapper.framework; includeInIndex = 0; path = Pods_DateOfEaster.framework; sourceTree = BUILT_PRODUCTS_DIR; };
		7D924912CB199E9CB2B30CC3 /* Pods-DateOfEaster.release.xcconfig */ = {isa = PBXFileReference; includeInIndex = 1; lastKnownFileType = text.xcconfig; name = "Pods-DateOfEaster.release.xcconfig"; path = "Pods/Target Support Files/Pods-DateOfEaster/Pods-DateOfEaster.release.xcconfig"; sourceTree = "<group>"; };
		AF67ACA4CCE5E8A9ACA013E4 /* Pods-DateOfEasterTests.release.xcconfig */ = {isa = PBXFileReference; includeInIndex = 1; lastKnownFileType = text.xcconfig; name = "Pods-DateOfEasterTests.release.xcconfig"; path = "Pods/Target Support Files/Pods-DateOfEasterTests/Pods-DateOfEasterTests.release.xcconfig"; sourceTree = "<group>"; };
		B0C73F135EC7E38CFC9249A5 /* Pods-DateOfEasterTests.debug.xcconfig */ = {isa = PBXFileReference; includeInIndex = 1; lastKnownFileType = text.xcconfig; name = "Pods-DateOfEasterTests.debug.xcconfig"; path = "Pods/Target Support Files/Pods-DateOfEasterTests/Pods-DateOfEasterTests.debug.xcconfig"; sourceTree = "<group>"; };
		C8DCF5B4066FB256B7B4906C /* Pods-DateOfEaster.debug.xcconfig */ = {isa = PBXFileReference; includeInIndex = 1; lastKnownFileType = text.xcconfig; name = "Pods-DateOfEaster.debug.xcconfig"; path = "Pods/Target Support Files/Pods-DateOfEaster/Pods-DateOfEaster.debug.xcconfig"; sourceTree = "<group>"; };
		F502358B1ECCDE0900606791 /* DateOfEaster.framework */ = {isa = PBXFileReference; explicitFileType = wrapper.framework; includeInIndex = 0; path = DateOfEaster.framework; sourceTree = BUILT_PRODUCTS_DIR; };
		F502358E1ECCDE0900606791 /* DateOfEaster.h */ = {isa = PBXFileReference; lastKnownFileType = sourcecode.c.h; path = DateOfEaster.h; sourceTree = "<group>"; };
		F502358F1ECCDE0900606791 /* Info.plist */ = {isa = PBXFileReference; lastKnownFileType = text.plist.xml; path = Info.plist; sourceTree = "<group>"; };
		F50235941ECCDE0900606791 /* DateOfEasterTests.xctest */ = {isa = PBXFileReference; explicitFileType = wrapper.cfbundle; includeInIndex = 0; path = DateOfEasterTests.xctest; sourceTree = BUILT_PRODUCTS_DIR; };
		F50235991ECCDE0900606791 /* DateOfEasterTests.swift */ = {isa = PBXFileReference; lastKnownFileType = sourcecode.swift; path = DateOfEasterTests.swift; sourceTree = "<group>"; };
		F502359B1ECCDE0900606791 /* Info.plist */ = {isa = PBXFileReference; lastKnownFileType = text.plist.xml; path = Info.plist; sourceTree = "<group>"; };
		F50235A41ECCDE4100606791 /* Date+DateOfEaster.swift */ = {isa = PBXFileReference; fileEncoding = 4; lastKnownFileType = sourcecode.swift; path = "Date+DateOfEaster.swift"; sourceTree = "<group>"; };
/* End PBXFileReference section */

/* Begin PBXFrameworksBuildPhase section */
		F50235871ECCDE0900606791 /* Frameworks */ = {
			isa = PBXFrameworksBuildPhase;
			buildActionMask = 2147483647;
			files = (
				CA4D56B3F15C447B7B5A89DA /* Pods_DateOfEaster.framework in Frameworks */,
			);
			runOnlyForDeploymentPostprocessing = 0;
		};
		F50235911ECCDE0900606791 /* Frameworks */ = {
			isa = PBXFrameworksBuildPhase;
			buildActionMask = 2147483647;
			files = (
				F50235951ECCDE0900606791 /* DateOfEaster.framework in Frameworks */,
				0B985F5386D081F5B78DD1F5 /* Pods_DateOfEasterTests.framework in Frameworks */,
			);
			runOnlyForDeploymentPostprocessing = 0;
		};
/* End PBXFrameworksBuildPhase section */

/* Begin PBXGroup section */
		39BECC383C1BA5241C063A80 /* Frameworks */ = {
			isa = PBXGroup;
			children = (
				14F2375BE15EBBAB274AD259 /* Pods_DateOfEaster.framework */,
				13C931AE1C3ED93933A249C7 /* Pods_DateOfEasterTests.framework */,
			);
			name = Frameworks;
			sourceTree = "<group>";
		};
		C1750535E427B04A29E96E23 /* Pods */ = {
			isa = PBXGroup;
			children = (
				C8DCF5B4066FB256B7B4906C /* Pods-DateOfEaster.debug.xcconfig */,
				7D924912CB199E9CB2B30CC3 /* Pods-DateOfEaster.release.xcconfig */,
				B0C73F135EC7E38CFC9249A5 /* Pods-DateOfEasterTests.debug.xcconfig */,
				AF67ACA4CCE5E8A9ACA013E4 /* Pods-DateOfEasterTests.release.xcconfig */,
			);
			name = Pods;
			sourceTree = "<group>";
		};
		F502357F1ECCDDF800606791 = {
			isa = PBXGroup;
			children = (
				F502358D1ECCDE0900606791 /* DateOfEaster */,
				F50235981ECCDE0900606791 /* DateOfEasterTests */,
				F502358C1ECCDE0900606791 /* Products */,
				C1750535E427B04A29E96E23 /* Pods */,
				39BECC383C1BA5241C063A80 /* Frameworks */,
			);
			sourceTree = "<group>";
		};
		F502358C1ECCDE0900606791 /* Products */ = {
			isa = PBXGroup;
			children = (
				F502358B1ECCDE0900606791 /* DateOfEaster.framework */,
				F50235941ECCDE0900606791 /* DateOfEasterTests.xctest */,
			);
			name = Products;
			sourceTree = "<group>";
		};
		F502358D1ECCDE0900606791 /* DateOfEaster */ = {
			isa = PBXGroup;
			children = (
				F502358E1ECCDE0900606791 /* DateOfEaster.h */,
				F50235A31ECCDE2000606791 /* Supporting Files */,
				F50235A41ECCDE4100606791 /* Date+DateOfEaster.swift */,
			);
			path = DateOfEaster;
			sourceTree = "<group>";
		};
		F50235981ECCDE0900606791 /* DateOfEasterTests */ = {
			isa = PBXGroup;
			children = (
				F50235991ECCDE0900606791 /* DateOfEasterTests.swift */,
				F50235A71ECCDE5200606791 /* Supporting Files */,
			);
			path = DateOfEasterTests;
			sourceTree = "<group>";
		};
		F50235A31ECCDE2000606791 /* Supporting Files */ = {
			isa = PBXGroup;
			children = (
				F502358F1ECCDE0900606791 /* Info.plist */,
			);
			name = "Supporting Files";
			sourceTree = "<group>";
		};
		F50235A71ECCDE5200606791 /* Supporting Files */ = {
			isa = PBXGroup;
			children = (
				F502359B1ECCDE0900606791 /* Info.plist */,
			);
			name = "Supporting Files";
			sourceTree = "<group>";
		};
/* End PBXGroup section */

/* Begin PBXHeadersBuildPhase section */
		F50235881ECCDE0900606791 /* Headers */ = {
			isa = PBXHeadersBuildPhase;
			buildActionMask = 2147483647;
			files = (
				F502359C1ECCDE0900606791 /* DateOfEaster.h in Headers */,
			);
			runOnlyForDeploymentPostprocessing = 0;
		};
/* End PBXHeadersBuildPhase section */

/* Begin PBXNativeTarget section */
		F502358A1ECCDE0900606791 /* DateOfEaster */ = {
			isa = PBXNativeTarget;
			buildConfigurationList = F502359D1ECCDE0900606791 /* Build configuration list for PBXNativeTarget "DateOfEaster" */;
			buildPhases = (
				E1F4DD2BA14C94CA9851D41C /* [CP] Check Pods Manifest.lock */,
				F50235861ECCDE0900606791 /* Sources */,
				F50235871ECCDE0900606791 /* Frameworks */,
				F50235881ECCDE0900606791 /* Headers */,
				F50235891ECCDE0900606791 /* Resources */,
				5B1D28DBB68B7ED7E09B5F49 /* [CP] Copy Pods Resources */,
				F50235A81ECCDF0000606791 /* SwiftLint */,
			);
			buildRules = (
			);
			dependencies = (
			);
			name = DateOfEaster;
			productName = DateOfEaster;
			productReference = F502358B1ECCDE0900606791 /* DateOfEaster.framework */;
			productType = "com.apple.product-type.framework";
		};
		F50235931ECCDE0900606791 /* DateOfEasterTests */ = {
			isa = PBXNativeTarget;
			buildConfigurationList = F50235A01ECCDE0900606791 /* Build configuration list for PBXNativeTarget "DateOfEasterTests" */;
			buildPhases = (
				C4A3B12C21D2C5F7DE06E554 /* [CP] Check Pods Manifest.lock */,
				F50235901ECCDE0900606791 /* Sources */,
				F50235911ECCDE0900606791 /* Frameworks */,
				F50235921ECCDE0900606791 /* Resources */,
				8144D18B36BFEA13E22BA5AF /* [CP] Embed Pods Frameworks */,
				4D18155919742503C9F2EE45 /* [CP] Copy Pods Resources */,
			);
			buildRules = (
			);
			dependencies = (
				F50235971ECCDE0900606791 /* PBXTargetDependency */,
			);
			name = DateOfEasterTests;
			productName = DateOfEasterTests;
			productReference = F50235941ECCDE0900606791 /* DateOfEasterTests.xctest */;
			productType = "com.apple.product-type.bundle.unit-test";
		};
/* End PBXNativeTarget section */

/* Begin PBXProject section */
		F50235801ECCDDF800606791 /* Project object */ = {
			isa = PBXProject;
			attributes = {
				LastSwiftUpdateCheck = 0830;
				LastUpgradeCheck = 0830;
				TargetAttributes = {
					F502358A1ECCDE0900606791 = {
						CreatedOnToolsVersion = 8.3;
						LastSwiftMigration = 0830;
						ProvisioningStyle = Manual;
					};
					F50235931ECCDE0900606791 = {
						CreatedOnToolsVersion = 8.3;
						ProvisioningStyle = Automatic;
					};
				};
			};
			buildConfigurationList = F50235831ECCDDF800606791 /* Build configuration list for PBXProject "DateOfEaster" */;
			compatibilityVersion = "Xcode 3.2";
			developmentRegion = English;
			hasScannedForEncodings = 0;
			knownRegions = (
				en,
			);
			mainGroup = F502357F1ECCDDF800606791;
			productRefGroup = F502358C1ECCDE0900606791 /* Products */;
			projectDirPath = "";
			projectRoot = "";
			targets = (
				F502358A1ECCDE0900606791 /* DateOfEaster */,
				F50235931ECCDE0900606791 /* DateOfEasterTests */,
			);
		};
/* End PBXProject section */

/* Begin PBXResourcesBuildPhase section */
		F50235891ECCDE0900606791 /* Resources */ = {
			isa = PBXResourcesBuildPhase;
			buildActionMask = 2147483647;
			files = (
			);
			runOnlyForDeploymentPostprocessing = 0;
		};
		F50235921ECCDE0900606791 /* Resources */ = {
			isa = PBXResourcesBuildPhase;
			buildActionMask = 2147483647;
			files = (
			);
			runOnlyForDeploymentPostprocessing = 0;
		};
/* End PBXResourcesBuildPhase section */

/* Begin PBXShellScriptBuildPhase section */
		4D18155919742503C9F2EE45 /* [CP] Copy Pods Resources */ = {
			isa = PBXShellScriptBuildPhase;
			buildActionMask = 2147483647;
			files = (
			);
			inputPaths = (
			);
			name = "[CP] Copy Pods Resources";
			outputPaths = (
			);
			runOnlyForDeploymentPostprocessing = 0;
			shellPath = /bin/sh;
			shellScript = "\"${SRCROOT}/Pods/Target Support Files/Pods-DateOfEasterTests/Pods-DateOfEasterTests-resources.sh\"\n";
			showEnvVarsInLog = 0;
		};
		5B1D28DBB68B7ED7E09B5F49 /* [CP] Copy Pods Resources */ = {
			isa = PBXShellScriptBuildPhase;
			buildActionMask = 2147483647;
			files = (
			);
			inputPaths = (
			);
			name = "[CP] Copy Pods Resources";
			outputPaths = (
			);
			runOnlyForDeploymentPostprocessing = 0;
			shellPath = /bin/sh;
			shellScript = "\"${SRCROOT}/Pods/Target Support Files/Pods-DateOfEaster/Pods-DateOfEaster-resources.sh\"\n";
			showEnvVarsInLog = 0;
		};
		8144D18B36BFEA13E22BA5AF /* [CP] Embed Pods Frameworks */ = {
			isa = PBXShellScriptBuildPhase;
			buildActionMask = 2147483647;
			files = (
			);
			inputPaths = (
			);
			name = "[CP] Embed Pods Frameworks";
			outputPaths = (
			);
			runOnlyForDeploymentPostprocessing = 0;
			shellPath = /bin/sh;
			shellScript = "\"${SRCROOT}/Pods/Target Support Files/Pods-DateOfEasterTests/Pods-DateOfEasterTests-frameworks.sh\"\n";
			showEnvVarsInLog = 0;
		};
		C4A3B12C21D2C5F7DE06E554 /* [CP] Check Pods Manifest.lock */ = {
			isa = PBXShellScriptBuildPhase;
			buildActionMask = 2147483647;
			files = (
			);
			inputPaths = (
			);
			name = "[CP] Check Pods Manifest.lock";
			outputPaths = (
			);
			runOnlyForDeploymentPostprocessing = 0;
			shellPath = /bin/sh;
			shellScript = "diff \"${PODS_ROOT}/../Podfile.lock\" \"${PODS_ROOT}/Manifest.lock\" > /dev/null\nif [ $? != 0 ] ; then\n    # print error to STDERR\n    echo \"error: The sandbox is not in sync with the Podfile.lock. Run 'pod install' or update your CocoaPods installation.\" >&2\n    exit 1\nfi\n";
			showEnvVarsInLog = 0;
		};
		E1F4DD2BA14C94CA9851D41C /* [CP] Check Pods Manifest.lock */ = {
			isa = PBXShellScriptBuildPhase;
			buildActionMask = 2147483647;
			files = (
			);
			inputPaths = (
			);
			name = "[CP] Check Pods Manifest.lock";
			outputPaths = (
			);
			runOnlyForDeploymentPostprocessing = 0;
			shellPath = /bin/sh;
			shellScript = "diff \"${PODS_ROOT}/../Podfile.lock\" \"${PODS_ROOT}/Manifest.lock\" > /dev/null\nif [ $? != 0 ] ; then\n    # print error to STDERR\n    echo \"error: The sandbox is not in sync with the Podfile.lock. Run 'pod install' or update your CocoaPods installation.\" >&2\n    exit 1\nfi\n";
			showEnvVarsInLog = 0;
		};
		F50235A81ECCDF0000606791 /* SwiftLint */ = {
			isa = PBXShellScriptBuildPhase;
			buildActionMask = 2147483647;
			files = (
			);
			inputPaths = (
			);
			name = SwiftLint;
			outputPaths = (
			);
			runOnlyForDeploymentPostprocessing = 0;
			shellPath = /bin/sh;
			shellScript = "${PODS_ROOT}/SwiftLint/swiftlint";
		};
/* End PBXShellScriptBuildPhase section */

/* Begin PBXSourcesBuildPhase section */
		F50235861ECCDE0900606791 /* Sources */ = {
			isa = PBXSourcesBuildPhase;
			buildActionMask = 2147483647;
			files = (
				F50235A51ECCDE4100606791 /* Date+DateOfEaster.swift in Sources */,
			);
			runOnlyForDeploymentPostprocessing = 0;
		};
		F50235901ECCDE0900606791 /* Sources */ = {
			isa = PBXSourcesBuildPhase;
			buildActionMask = 2147483647;
			files = (
				F50235A61ECCDE4100606791 /* Date+DateOfEaster.swift in Sources */,
				F502359A1ECCDE0900606791 /* DateOfEasterTests.swift in Sources */,
			);
			runOnlyForDeploymentPostprocessing = 0;
		};
/* End PBXSourcesBuildPhase section */

/* Begin PBXTargetDependency section */
		F50235971ECCDE0900606791 /* PBXTargetDependency */ = {
			isa = PBXTargetDependency;
			target = F502358A1ECCDE0900606791 /* DateOfEaster */;
			targetProxy = F50235961ECCDE0900606791 /* PBXContainerItemProxy */;
		};
/* End PBXTargetDependency section */

/* Begin XCBuildConfiguration section */
		F50235841ECCDDF800606791 /* Debug */ = {
			isa = XCBuildConfiguration;
			buildSettings = {
				IPHONEOS_DEPLOYMENT_TARGET = 10.3;
			};
			name = Debug;
		};
		F50235851ECCDDF800606791 /* Release */ = {
			isa = XCBuildConfiguration;
			buildSettings = {
				IPHONEOS_DEPLOYMENT_TARGET = 10.3;
			};
			name = Release;
		};
		F502359E1ECCDE0900606791 /* Debug */ = {
			isa = XCBuildConfiguration;
			baseConfigurationReference = C8DCF5B4066FB256B7B4906C /* Pods-DateOfEaster.debug.xcconfig */;
			buildSettings = {
				ALWAYS_SEARCH_USER_PATHS = NO;
				CLANG_ANALYZER_NONNULL = YES;
				CLANG_ANALYZER_NUMBER_OBJECT_CONVERSION = YES_AGGRESSIVE;
				CLANG_CXX_LANGUAGE_STANDARD = "gnu++0x";
				CLANG_CXX_LIBRARY = "libc++";
				CLANG_ENABLE_MODULES = YES;
				CLANG_ENABLE_OBJC_ARC = YES;
				CLANG_WARN_BOOL_CONVERSION = YES;
				CLANG_WARN_CONSTANT_CONVERSION = YES;
				CLANG_WARN_DIRECT_OBJC_ISA_USAGE = YES_ERROR;
				CLANG_WARN_DOCUMENTATION_COMMENTS = YES;
				CLANG_WARN_EMPTY_BODY = YES;
				CLANG_WARN_ENUM_CONVERSION = YES;
				CLANG_WARN_INFINITE_RECURSION = YES;
				CLANG_WARN_INT_CONVERSION = YES;
				CLANG_WARN_OBJC_ROOT_CLASS = YES_ERROR;
				CLANG_WARN_SUSPICIOUS_MOVE = YES;
				CLANG_WARN_UNREACHABLE_CODE = YES;
				CLANG_WARN__DUPLICATE_METHOD_MATCH = YES;
				CODE_SIGN_IDENTITY = "";
				"CODE_SIGN_IDENTITY[sdk=iphoneos*]" = "iPhone Developer";
				COPY_PHASE_STRIP = NO;
				CURRENT_PROJECT_VERSION = 1;
				DEBUG_INFORMATION_FORMAT = dwarf;
				DEFINES_MODULE = YES;
				DEVELOPMENT_TEAM = "";
				DYLIB_COMPATIBILITY_VERSION = 1;
				DYLIB_CURRENT_VERSION = 1;
				DYLIB_INSTALL_NAME_BASE = "@rpath";
				ENABLE_STRICT_OBJC_MSGSEND = YES;
				ENABLE_TESTABILITY = YES;
				GCC_C_LANGUAGE_STANDARD = gnu99;
				GCC_DYNAMIC_NO_PIC = NO;
				GCC_GENERATE_TEST_COVERAGE_FILES = YES;
				GCC_NO_COMMON_BLOCKS = YES;
				GCC_OPTIMIZATION_LEVEL = 0;
				GCC_PREPROCESSOR_DEFINITIONS = (
					"DEBUG=1",
					"$(inherited)",
				);
				GCC_WARN_64_TO_32_BIT_CONVERSION = YES;
				GCC_WARN_ABOUT_RETURN_TYPE = YES_ERROR;
				GCC_WARN_UNDECLARED_SELECTOR = YES;
				GCC_WARN_UNINITIALIZED_AUTOS = YES_AGGRESSIVE;
				GCC_WARN_UNUSED_FUNCTION = YES;
				GCC_WARN_UNUSED_VARIABLE = YES;
				INFOPLIST_FILE = DateOfEaster/Info.plist;
				INSTALL_PATH = "$(LOCAL_LIBRARY_DIR)/Frameworks";
				IPHONEOS_DEPLOYMENT_TARGET = 10.3;
				LD_RUNPATH_SEARCH_PATHS = "$(inherited) @executable_path/Frameworks @loader_path/Frameworks";
				MTL_ENABLE_DEBUG_INFO = YES;
				ONLY_ACTIVE_ARCH = YES;
				PLIST_FILE_OUTPUT_FORMAT = binary;
				PRODUCT_BUNDLE_IDENTIFIER = space.caninto.DateOfEaster;
				PRODUCT_NAME = "$(TARGET_NAME)";
				PROVISIONING_PROFILE_SPECIFIER = "";
				SDKROOT = iphoneos;
				SKIP_INSTALL = YES;
				SWIFT_ACTIVE_COMPILATION_CONDITIONS = DEBUG;
				SWIFT_OPTIMIZATION_LEVEL = "-Onone";
				SWIFT_VERSION = 3.0;
				TARGETED_DEVICE_FAMILY = "1,2";
				VERSIONING_SYSTEM = "apple-generic";
				VERSION_INFO_PREFIX = "";
			};
			name = Debug;
		};
		F502359F1ECCDE0900606791 /* Release */ = {
			isa = XCBuildConfiguration;
			baseConfigurationReference = 7D924912CB199E9CB2B30CC3 /* Pods-DateOfEaster.release.xcconfig */;
			buildSettings = {
				ALWAYS_SEARCH_USER_PATHS = NO;
				CLANG_ANALYZER_NONNULL = YES;
				CLANG_ANALYZER_NUMBER_OBJECT_CONVERSION = YES_AGGRESSIVE;
				CLANG_CXX_LANGUAGE_STANDARD = "gnu++0x";
				CLANG_CXX_LIBRARY = "libc++";
				CLANG_ENABLE_MODULES = YES;
				CLANG_ENABLE_OBJC_ARC = YES;
				CLANG_WARN_BOOL_CONVERSION = YES;
				CLANG_WARN_CONSTANT_CONVERSION = YES;
				CLANG_WARN_DIRECT_OBJC_ISA_USAGE = YES_ERROR;
				CLANG_WARN_DOCUMENTATION_COMMENTS = YES;
				CLANG_WARN_EMPTY_BODY = YES;
				CLANG_WARN_ENUM_CONVERSION = YES;
				CLANG_WARN_INFINITE_RECURSION = YES;
				CLANG_WARN_INT_CONVERSION = YES;
				CLANG_WARN_OBJC_ROOT_CLASS = YES_ERROR;
				CLANG_WARN_SUSPICIOUS_MOVE = YES;
				CLANG_WARN_UNREACHABLE_CODE = YES;
				CLANG_WARN__DUPLICATE_METHOD_MATCH = YES;
				CODE_SIGN_IDENTITY = "";
				"CODE_SIGN_IDENTITY[sdk=iphoneos*]" = "iPhone Developer";
				COPY_PHASE_STRIP = NO;
				CURRENT_PROJECT_VERSION = 1;
				DEBUG_INFORMATION_FORMAT = "dwarf-with-dsym";
				DEFINES_MODULE = YES;
				DEVELOPMENT_TEAM = "";
				DYLIB_COMPATIBILITY_VERSION = 1;
				DYLIB_CURRENT_VERSION = 1;
				DYLIB_INSTALL_NAME_BASE = "@rpath";
				ENABLE_NS_ASSERTIONS = NO;
				ENABLE_STRICT_OBJC_MSGSEND = YES;
				GCC_C_LANGUAGE_STANDARD = gnu99;
				GCC_GENERATE_TEST_COVERAGE_FILES = YES;
				GCC_NO_COMMON_BLOCKS = YES;
				GCC_WARN_64_TO_32_BIT_CONVERSION = YES;
				GCC_WARN_ABOUT_RETURN_TYPE = YES_ERROR;
				GCC_WARN_UNDECLARED_SELECTOR = YES;
				GCC_WARN_UNINITIALIZED_AUTOS = YES_AGGRESSIVE;
				GCC_WARN_UNUSED_FUNCTION = YES;
				GCC_WARN_UNUSED_VARIABLE = YES;
				INFOPLIST_FILE = DateOfEaster/Info.plist;
				INSTALL_PATH = "$(LOCAL_LIBRARY_DIR)/Frameworks";
				IPHONEOS_DEPLOYMENT_TARGET = 10.3;
				LD_RUNPATH_SEARCH_PATHS = "$(inherited) @executable_path/Frameworks @loader_path/Frameworks";
				MTL_ENABLE_DEBUG_INFO = NO;
				PLIST_FILE_OUTPUT_FORMAT = binary;
				PRODUCT_BUNDLE_IDENTIFIER = space.caninto.DateOfEaster;
				PRODUCT_NAME = "$(TARGET_NAME)";
				PROVISIONING_PROFILE_SPECIFIER = "";
				SDKROOT = iphoneos;
				SKIP_INSTALL = YES;
				SWIFT_OPTIMIZATION_LEVEL = "-Owholemodule";
				SWIFT_VERSION = 3.0;
				TARGETED_DEVICE_FAMILY = "1,2";
				VALIDATE_PRODUCT = YES;
				VERSIONING_SYSTEM = "apple-generic";
				VERSION_INFO_PREFIX = "";
			};
			name = Release;
		};
		F50235A11ECCDE0900606791 /* Debug */ = {
			isa = XCBuildConfiguration;
			baseConfigurationReference = B0C73F135EC7E38CFC9249A5 /* Pods-DateOfEasterTests.debug.xcconfig */;
			buildSettings = {
				ALWAYS_EMBED_SWIFT_STANDARD_LIBRARIES = YES;
				ALWAYS_SEARCH_USER_PATHS = NO;
				CLANG_ANALYZER_NONNULL = YES;
				CLANG_ANALYZER_NUMBER_OBJECT_CONVERSION = YES_AGGRESSIVE;
				CLANG_CXX_LANGUAGE_STANDARD = "gnu++0x";
				CLANG_CXX_LIBRARY = "libc++";
				CLANG_ENABLE_MODULES = YES;
				CLANG_ENABLE_OBJC_ARC = YES;
				CLANG_WARN_BOOL_CONVERSION = YES;
				CLANG_WARN_CONSTANT_CONVERSION = YES;
				CLANG_WARN_DIRECT_OBJC_ISA_USAGE = YES_ERROR;
				CLANG_WARN_DOCUMENTATION_COMMENTS = YES;
				CLANG_WARN_EMPTY_BODY = YES;
				CLANG_WARN_ENUM_CONVERSION = YES;
				CLANG_WARN_INFINITE_RECURSION = YES;
				CLANG_WARN_INT_CONVERSION = YES;
				CLANG_WARN_OBJC_ROOT_CLASS = YES_ERROR;
				CLANG_WARN_SUSPICIOUS_MOVE = YES;
				CLANG_WARN_UNREACHABLE_CODE = YES;
				CLANG_WARN__DUPLICATE_METHOD_MATCH = YES;
				"CODE_SIGN_IDENTITY[sdk=iphoneos*]" = "iPhone Developer";
				COPY_PHASE_STRIP = NO;
				DEBUG_INFORMATION_FORMAT = dwarf;
				ENABLE_STRICT_OBJC_MSGSEND = YES;
				ENABLE_TESTABILITY = YES;
				GCC_C_LANGUAGE_STANDARD = gnu99;
				GCC_DYNAMIC_NO_PIC = NO;
				GCC_GENERATE_TEST_COVERAGE_FILES = YES;
				GCC_NO_COMMON_BLOCKS = YES;
				GCC_OPTIMIZATION_LEVEL = 0;
				GCC_PREPROCESSOR_DEFINITIONS = (
					"DEBUG=1",
					"$(inherited)",
				);
				GCC_WARN_64_TO_32_BIT_CONVERSION = YES;
				GCC_WARN_ABOUT_RETURN_TYPE = YES_ERROR;
				GCC_WARN_UNDECLARED_SELECTOR = YES;
				GCC_WARN_UNINITIALIZED_AUTOS = YES_AGGRESSIVE;
				GCC_WARN_UNUSED_FUNCTION = YES;
				GCC_WARN_UNUSED_VARIABLE = YES;
				INFOPLIST_FILE = DateOfEasterTests/Info.plist;
				IPHONEOS_DEPLOYMENT_TARGET = 10.3;
				LD_RUNPATH_SEARCH_PATHS = "$(inherited) @executable_path/Frameworks @loader_path/Frameworks";
				MTL_ENABLE_DEBUG_INFO = YES;
				ONLY_ACTIVE_ARCH = YES;
				PRODUCT_BUNDLE_IDENTIFIER = space.caninto.DateOfEasterTests;
				PRODUCT_NAME = "$(TARGET_NAME)";
				SDKROOT = iphoneos;
				SWIFT_ACTIVE_COMPILATION_CONDITIONS = DEBUG;
				SWIFT_OPTIMIZATION_LEVEL = "-Onone";
				SWIFT_VERSION = 3.0;
			};
			name = Debug;
		};
		F50235A21ECCDE0900606791 /* Release */ = {
			isa = XCBuildConfiguration;
			baseConfigurationReference = AF67ACA4CCE5E8A9ACA013E4 /* Pods-DateOfEasterTests.release.xcconfig */;
			buildSettings = {
				ALWAYS_EMBED_SWIFT_STANDARD_LIBRARIES = YES;
				ALWAYS_SEARCH_USER_PATHS = NO;
				CLANG_ANALYZER_NONNULL = YES;
				CLANG_ANALYZER_NUMBER_OBJECT_CONVERSION = YES_AGGRESSIVE;
				CLANG_CXX_LANGUAGE_STANDARD = "gnu++0x";
				CLANG_CXX_LIBRARY = "libc++";
				CLANG_ENABLE_MODULES = YES;
				CLANG_ENABLE_OBJC_ARC = YES;
				CLANG_WARN_BOOL_CONVERSION = YES;
				CLANG_WARN_CONSTANT_CONVERSION = YES;
				CLANG_WARN_DIRECT_OBJC_ISA_USAGE = YES_ERROR;
				CLANG_WARN_DOCUMENTATION_COMMENTS = YES;
				CLANG_WARN_EMPTY_BODY = YES;
				CLANG_WARN_ENUM_CONVERSION = YES;
				CLANG_WARN_INFINITE_RECURSION = YES;
				CLANG_WARN_INT_CONVERSION = YES;
				CLANG_WARN_OBJC_ROOT_CLASS = YES_ERROR;
				CLANG_WARN_SUSPICIOUS_MOVE = YES;
				CLANG_WARN_UNREACHABLE_CODE = YES;
				CLANG_WARN__DUPLICATE_METHOD_MATCH = YES;
				"CODE_SIGN_IDENTITY[sdk=iphoneos*]" = "iPhone Developer";
				COPY_PHASE_STRIP = NO;
				DEBUG_INFORMATION_FORMAT = "dwarf-with-dsym";
				ENABLE_NS_ASSERTIONS = NO;
				ENABLE_STRICT_OBJC_MSGSEND = YES;
				GCC_C_LANGUAGE_STANDARD = gnu99;
				GCC_GENERATE_TEST_COVERAGE_FILES = YES;
				GCC_NO_COMMON_BLOCKS = YES;
				GCC_WARN_64_TO_32_BIT_CONVERSION = YES;
				GCC_WARN_ABOUT_RETURN_TYPE = YES_ERROR;
				GCC_WARN_UNDECLARED_SELECTOR = YES;
				GCC_WARN_UNINITIALIZED_AUTOS = YES_AGGRESSIVE;
				GCC_WARN_UNUSED_FUNCTION = YES;
				GCC_WARN_UNUSED_VARIABLE = YES;
				INFOPLIST_FILE = DateOfEasterTests/Info.plist;
				IPHONEOS_DEPLOYMENT_TARGET = 10.3;
				LD_RUNPATH_SEARCH_PATHS = "$(inherited) @executable_path/Frameworks @loader_path/Frameworks";
				MTL_ENABLE_DEBUG_INFO = NO;
				PRODUCT_BUNDLE_IDENTIFIER = space.caninto.DateOfEasterTests;
				PRODUCT_NAME = "$(TARGET_NAME)";
				SDKROOT = iphoneos;
				SWIFT_OPTIMIZATION_LEVEL = "-Owholemodule";
				SWIFT_VERSION = 3.0;
				VALIDATE_PRODUCT = YES;
			};
			name = Release;
		};
/* End XCBuildConfiguration section */

/* Begin XCConfigurationList section */
		F50235831ECCDDF800606791 /* Build configuration list for PBXProject "DateOfEaster" */ = {
			isa = XCConfigurationList;
			buildConfigurations = (
				F50235841ECCDDF800606791 /* Debug */,
				F50235851ECCDDF800606791 /* Release */,
			);
			defaultConfigurationIsVisible = 0;
			defaultConfigurationName = Release;
		};
		F502359D1ECCDE0900606791 /* Build configuration list for PBXNativeTarget "DateOfEaster" */ = {
			isa = XCConfigurationList;
			buildConfigurations = (
				F502359E1ECCDE0900606791 /* Debug */,
				F502359F1ECCDE0900606791 /* Release */,
			);
			defaultConfigurationIsVisible = 0;
			defaultConfigurationName = Release;
		};
		F50235A01ECCDE0900606791 /* Build configuration list for PBXNativeTarget "DateOfEasterTests" */ = {
			isa = XCConfigurationList;
			buildConfigurations = (
				F50235A11ECCDE0900606791 /* Debug */,
				F50235A21ECCDE0900606791 /* Release */,
			);
			defaultConfigurationIsVisible = 0;
			defaultConfigurationName = Release;
		};
/* End XCConfigurationList section */
	};
	rootObject = F50235801ECCDDF800606791 /* Project object */;
}
